
Microsoft Visual Studio Solution File, Format Version 12.00
# Visual Studio Version 16
VisualStudioVersion = 16.0.30611.23
MinimumVisualStudioVersion = 10.0.40219.1
Project("{FAE04EC0-301F-11D3-BF4B-00C04F79EFBC}") = "EvlampochkaWEB", "EvlampochkaWEB\EvlampochkaWEB.csproj", "{59348121-9877-4619-AE79-3536AD8CF3DD}"
EndProject
Global
	GlobalSection(SolutionConfigurationPlatforms) = preSolution
		Debug|Any CPU = Debug|Any CPU
		Release|Any CPU = Release|Any CPU
	EndGlobalSection
	GlobalSection(ProjectConfigurationPlatforms) = postSolution
		{59348121-9877-4619-AE79-3536AD8CF3DD}.Debug|Any CPU.ActiveCfg = Debug|Any CPU
		{59348121-9877-4619-AE79-3536AD8CF3DD}.Debug|Any CPU.Build.0 = Debug|Any CPU
		{59348121-9877-4619-AE79-3536AD8CF3DD}.Release|Any CPU.ActiveCfg = Release|Any CPU
		{59348121-9877-4619-AE79-3536AD8CF3DD}.Release|Any CPU.Build.0 = Release|Any CPU
	EndGlobalSection
	GlobalSection(SolutionProperties) = preSolution
		HideSolutionNode = FALSE
	EndGlobalSection
	GlobalSection(ExtensibilityGlobals) = postSolution
		SolutionGuid = {E600F3EB-C5F2-4494-B577-6C8835265AD5}
	EndGlobalSection
EndGlobal
